{
  "name": "vue-demo1",
  "version": "1.0.0",
  "lockfileVersion": 2,
  "requires": true,
  "packages": {
    "": {
      "name": "vue-demo1",
      "version": "1.0.0",
      "dependencies": {
        "tyh-ui2": "^3.4.3"
      }
    },
    "node_modules/tyh-ui2": {
      "version": "3.4.3",
      "resolved": "https://registry.npmjs.org/tyh-ui2/-/tyh-ui2-3.4.3.tgz",
      "integrity": "sha512-HWrSGDMu9/VTMWa9WW6m8qzSGRICg8lZvvrmNMrlZqz3OLGQJ5hBsJq4A2rQu8Vtepou0s/ItTqs6MFhEMvw7w=="
    }
  },
  "dependencies": {
    "tyh-ui2": {
      "version": "3.4.3",
      "resolved": "https://registry.npmjs.org/tyh-ui2/-/tyh-ui2-3.4.3.tgz",
      "integrity": "sha512-HWrSGDMu9/VTMWa9WW6m8qzSGRICg8lZvvrmNMrlZqz3OLGQJ5hBsJq4A2rQu8Vtepou0s/ItTqs6MFhEMvw7w=="
    }
  }
}
